
Microsoft Visual Studio Solution File, Format Version 12.00
# Visual Studio Version 17
VisualStudioVersion = 17.8.34316.72
MinimumVisualStudioVersion = 10.0.40219.1
Project("{FAE04EC0-301F-11D3-BF4B-00C04F79EFBC}") = "TravelStories", "TravelStories\TravelStories.csproj", "{7CF14929-D167-47F0-A932-6768D74C0CC2}"
EndProject
Global
	GlobalSection(SolutionConfigurationPlatforms) = preSolution
		Debug|Any CPU = Debug|Any CPU
		Release|Any CPU = Release|Any CPU
	EndGlobalSection
	GlobalSection(ProjectConfigurationPlatforms) = postSolution
		{7CF14929-D167-47F0-A932-6768D74C0CC2}.Debug|Any CPU.ActiveCfg = Debug|Any CPU
		{7CF14929-D167-47F0-A932-6768D74C0CC2}.Debug|Any CPU.Build.0 = Debug|Any CPU
		{7CF14929-D167-47F0-A932-6768D74C0CC2}.Release|Any CPU.ActiveCfg = Release|Any CPU
		{7CF14929-D167-47F0-A932-6768D74C0CC2}.Release|Any CPU.Build.0 = Release|Any CPU
	EndGlobalSection
	GlobalSection(SolutionProperties) = preSolution
		HideSolutionNode = FALSE
	EndGlobalSection
	GlobalSection(ExtensibilityGlobals) = postSolution
		SolutionGuid = {E8525825-68D5-4BA8-A0FB-138898ADF1DB}
	EndGlobalSection
EndGlobal
